
Microsoft Visual Studio Solution File, Format Version 12.00
# Visual Studio Version 17
VisualStudioVersion = 17.10.35201.131
MinimumVisualStudioVersion = 10.0.40219.1
Project("{FAE04EC0-301F-11D3-BF4B-00C04F79EFBC}") = "SatisProjesi", "ProjeHareket\SatisProjesi.csproj", "{4B368F52-15F9-4E20-9DC4-01687A86CF88}"
EndProject
Global
	GlobalSection(SolutionConfigurationPlatforms) = preSolution
		Debug|Any CPU = Debug|Any CPU
		Release|Any CPU = Release|Any CPU
	EndGlobalSection
	GlobalSection(ProjectConfigurationPlatforms) = postSolution
		{4B368F52-15F9-4E20-9DC4-01687A86CF88}.Debug|Any CPU.ActiveCfg = Debug|Any CPU
		{4B368F52-15F9-4E20-9DC4-01687A86CF88}.Debug|Any CPU.Build.0 = Debug|Any CPU
		{4B368F52-15F9-4E20-9DC4-01687A86CF88}.Release|Any CPU.ActiveCfg = Release|Any CPU
		{4B368F52-15F9-4E20-9DC4-01687A86CF88}.Release|Any CPU.Build.0 = Release|Any CPU
	EndGlobalSection
	GlobalSection(SolutionProperties) = preSolution
		HideSolutionNode = FALSE
	EndGlobalSection
	GlobalSection(ExtensibilityGlobals) = postSolution
		SolutionGuid = {EFF13923-3191-4648-8182-E275AF2717B8}
	EndGlobalSection
EndGlobal
